
Microsoft Visual Studio Solution File, Format Version 12.00
# Visual Studio Version 16
VisualStudioVersion = 16.0.30907.101
MinimumVisualStudioVersion = 10.0.40219.1
Project("{FAE04EC0-301F-11D3-BF4B-00C04F79EFBC}") = "HEALTHPROFILE", "HEALTHPROFILE.csproj", "{BA537562-76D1-4E5B-B75E-D5327D68B8C2}"
EndProject
Global
	GlobalSection(SolutionConfigurationPlatforms) = preSolution
		Debug|Any CPU = Debug|Any CPU
		Release|Any CPU = Release|Any CPU
	EndGlobalSection
	GlobalSection(ProjectConfigurationPlatforms) = postSolution
		{BA537562-76D1-4E5B-B75E-D5327D68B8C2}.Debug|Any CPU.ActiveCfg = Debug|Any CPU
		{BA537562-76D1-4E5B-B75E-D5327D68B8C2}.Debug|Any CPU.Build.0 = Debug|Any CPU
		{BA537562-76D1-4E5B-B75E-D5327D68B8C2}.Release|Any CPU.ActiveCfg = Release|Any CPU
		{BA537562-76D1-4E5B-B75E-D5327D68B8C2}.Release|Any CPU.Build.0 = Release|Any CPU
	EndGlobalSection
	GlobalSection(SolutionProperties) = preSolution
		HideSolutionNode = FALSE
	EndGlobalSection
	GlobalSection(ExtensibilityGlobals) = postSolution
		SolutionGuid = {F02F2FE6-2D62-4529-89FA-E7A51E03343E}
	EndGlobalSection
EndGlobal
